// !$*UTF8*$!
{
	archiveVersion = 1;
	classes = {
	};
	objectVersion = 56;
	objects = {

/* Begin PBXBuildFile section */
		27B04B0E2983F6C00099F4E6 /* AppDelegate.swift in Sources */ = {isa = PBXBuildFile; fileRef = 27B04B0D2983F6C00099F4E6 /* AppDelegate.swift */; };
		27B04B102983F6C00099F4E6 /* SceneDelegate.swift in Sources */ = {isa = PBXBuildFile; fileRef = 27B04B0F2983F6C00099F4E6 /* SceneDelegate.swift */; };
		27B04B122983F6C00099F4E6 /* ViewController.swift in Sources */ = {isa = PBXBuildFile; fileRef = 27B04B112983F6C00099F4E6 /* ViewController.swift */; };
		27B04B152983F6C00099F4E6 /* Main.storyboard in Resources */ = {isa = PBXBuildFile; fileRef = 27B04B132983F6C00099F4E6 /* Main.storyboard */; };
		27B04B172983F6C40099F4E6 /* Assets.xcassets in Resources */ = {isa = PBXBuildFile; fileRef = 27B04B162983F6C40099F4E6 /* Assets.xcassets */; };
		27B04B1A2983F6C40099F4E6 /* LaunchScreen.storyboard in Resources */ = {isa = PBXBuildFile; fileRef = 27B04B182983F6C40099F4E6 /* LaunchScreen.storyboard */; };
		27B6D6E4298434AA0084098B /* VisbySemibold.otf in Resources */ = {isa = PBXBuildFile; fileRef = 27B6D6D4298434A80084098B /* VisbySemibold.otf */; };
		27B6D6E5298434AA0084098B /* VisbyExtrabold.otf in Resources */ = {isa = PBXBuildFile; fileRef = 27B6D6D5298434A90084098B /* VisbyExtrabold.otf */; };
		27B6D6E6298434AA0084098B /* VisbyLight.otf in Resources */ = {isa = PBXBuildFile; fileRef = 27B6D6D6298434A90084098B /* VisbyLight.otf */; };
		27B6D6E7298434AA0084098B /* VisbyLight Italic.otf in Resources */ = {isa = PBXBuildFile; fileRef = 27B6D6D7298434A90084098B /* VisbyLight Italic.otf */; };
		27B6D6E8298434AA0084098B /* VisbyBold.otf in Resources */ = {isa = PBXBuildFile; fileRef = 27B6D6D8298434A90084098B /* VisbyBold.otf */; };
		27B6D6E9298434AA0084098B /* VisbyThin.otf in Resources */ = {isa = PBXBuildFile; fileRef = 27B6D6D9298434A90084098B /* VisbyThin.otf */; };
		27B6D6EA298434AA0084098B /* VisbyBold Italic.otf in Resources */ = {isa = PBXBuildFile; fileRef = 27B6D6DA298434A90084098B /* VisbyBold Italic.otf */; };
		27B6D6EB298434AA0084098B /* VisbyMedium Italic.otf in Resources */ = {isa = PBXBuildFile; fileRef = 27B6D6DB298434A90084098B /* VisbyMedium Italic.otf */; };
		27B6D6EC298434AA0084098B /* VisbyExtrabold Italic.otf in Resources */ = {isa = PBXBuildFile; fileRef = 27B6D6DC298434A90084098B /* VisbyExtrabold Italic.otf */; };
		27B6D6ED298434AA0084098B /* VisbyThin Italic.otf in Resources */ = {isa = PBXBuildFile; fileRef = 27B6D6DD298434A90084098B /* VisbyThin Italic.otf */; };
		27B6D6EE298434AA0084098B /* VisbyItalic.otf in Resources */ = {isa = PBXBuildFile; fileRef = 27B6D6DE298434A90084098B /* VisbyItalic.otf */; };
		27B6D6EF298434AA0084098B /* VisbyMedium.otf in Resources */ = {isa = PBXBuildFile; fileRef = 27B6D6DF298434A90084098B /* VisbyMedium.otf */; };
		27B6D6F0298434AA0084098B /* VisbyHeavy Italic.otf in Resources */ = {isa = PBXBuildFile; fileRef = 27B6D6E0298434A90084098B /* VisbyHeavy Italic.otf */; };
		27B6D6F1298434AA0084098B /* VisbyHeavy.otf in Resources */ = {isa = PBXBuildFile; fileRef = 27B6D6E1298434AA0084098B /* VisbyHeavy.otf */; };
		27B6D6F2298434AA0084098B /* VisbyRegular.otf in Resources */ = {isa = PBXBuildFile; fileRef = 27B6D6E2298434AA0084098B /* VisbyRegular.otf */; };
		27B6D6F3298434AA0084098B /* VisbySemibold Italic.otf in Resources */ = {isa = PBXBuildFile; fileRef = 27B6D6E3298434AA0084098B /* VisbySemibold Italic.otf */; };
/* End PBXBuildFile section */

/* Begin PBXFileReference section */
		277DBA31298E1BCE0060C16D /* Varta-Regular.ttf */ = {isa = PBXFileReference; lastKnownFileType = file; name = "Varta-Regular.ttf"; path = "Font/Varta-Regular.ttf"; sourceTree = "<group>"; };
		277DBA32298E1BCE0060C16D /* Varta-SemiBold.ttf */ = {isa = PBXFileReference; lastKnownFileType = file; name = "Varta-SemiBold.ttf"; path = "Font/Varta-SemiBold.ttf"; sourceTree = "<group>"; };
		277DBA33298E1BD00060C16D /* Varta-Bold.ttf */ = {isa = PBXFileReference; lastKnownFileType = file; name = "Varta-Bold.ttf"; path = "Font/Varta-Bold.ttf"; sourceTree = "<group>"; };
		277DBA34298E1BD00060C16D /* Varta-Light.ttf */ = {isa = PBXFileReference; lastKnownFileType = file; name = "Varta-Light.ttf"; path = "Font/Varta-Light.ttf"; sourceTree = "<group>"; };
		277DBA35298E1BD00060C16D /* Varta-Medium.ttf */ = {isa = PBXFileReference; lastKnownFileType = file; name = "Varta-Medium.ttf"; path = "Font/Varta-Medium.ttf"; sourceTree = "<group>"; };
		27B04B0A2983F6C00099F4E6 /* Demo(tax_calculate).app */ = {isa = PBXFileReference; explicitFileType = wrapper.application; includeInIndex = 0; path = "Demo(tax_calculate).app"; sourceTree = BUILT_PRODUCTS_DIR; };
		27B04B0D2983F6C00099F4E6 /* AppDelegate.swift */ = {isa = PBXFileReference; lastKnownFileType = sourcecode.swift; path = AppDelegate.swift; sourceTree = "<group>"; };
		27B04B0F2983F6C00099F4E6 /* SceneDelegate.swift */ = {isa = PBXFileReference; lastKnownFileType = sourcecode.swift; path = SceneDelegate.swift; sourceTree = "<group>"; };
		27B04B112983F6C00099F4E6 /* ViewController.swift */ = {isa = PBXFileReference; lastKnownFileType = sourcecode.swift; path = ViewController.swift; sourceTree = "<group>"; };
		27B04B142983F6C00099F4E6 /* Base */ = {isa = PBXFileReference; lastKnownFileType = file.storyboard; name = Base; path = Base.lproj/Main.storyboard; sourceTree = "<group>"; };
		27B04B162983F6C40099F4E6 /* Assets.xcassets */ = {isa = PBXFileReference; lastKnownFileType = folder.assetcatalog; path = Assets.xcassets; sourceTree = "<group>"; };
		27B04B192983F6C40099F4E6 /* Base */ = {isa = PBXFileReference; lastKnownFileType = file.storyboard; name = Base; path = Base.lproj/LaunchScreen.storyboard; sourceTree = "<group>"; };
		27B04B1B2983F6C40099F4E6 /* Info.plist */ = {isa = PBXFileReference; lastKnownFileType = text.plist.xml; path = Info.plist; sourceTree = "<group>"; };
		27B6D6D4298434A80084098B /* VisbySemibold.otf */ = {isa = PBXFileReference; lastKnownFileType = file; path = VisbySemibold.otf; sourceTree = "<group>"; };
		27B6D6D5298434A90084098B /* VisbyExtrabold.otf */ = {isa = PBXFileReference; lastKnownFileType = file; path = VisbyExtrabold.otf; sourceTree = "<group>"; };
		27B6D6D6298434A90084098B /* VisbyLight.otf */ = {isa = PBXFileReference; lastKnownFileType = file; path = VisbyLight.otf; sourceTree = "<group>"; };
		27B6D6D7298434A90084098B /* VisbyLight Italic.otf */ = {isa = PBXFileReference; lastKnownFileType = file; path = "VisbyLight Italic.otf"; sourceTree = "<group>"; };
		27B6D6D8298434A90084098B /* VisbyBold.otf */ = {isa = PBXFileReference; lastKnownFileType = file; path = VisbyBold.otf; sourceTree = "<group>"; };
		27B6D6D9298434A90084098B /* VisbyThin.otf */ = {isa = PBXFileReference; lastKnownFileType = file; path = VisbyThin.otf; sourceTree = "<group>"; };
		27B6D6DA298434A90084098B /* VisbyBold Italic.otf */ = {isa = PBXFileReference; lastKnownFileType = file; path = "VisbyBold Italic.otf"; sourceTree = "<group>"; };
		27B6D6DB298434A90084098B /* VisbyMedium Italic.otf */ = {isa = PBXFileReference; lastKnownFileType = file; path = "VisbyMedium Italic.otf"; sourceTree = "<group>"; };
		27B6D6DC298434A90084098B /* VisbyExtrabold Italic.otf */ = {isa = PBXFileReference; lastKnownFileType = file; path = "VisbyExtrabold Italic.otf"; sourceTree = "<group>"; };
		27B6D6DD298434A90084098B /* VisbyThin Italic.otf */ = {isa = PBXFileReference; lastKnownFileType = file; path = "VisbyThin Italic.otf"; sourceTree = "<group>"; };
		27B6D6DE298434A90084098B /* VisbyItalic.otf */ = {isa = PBXFileReference; lastKnownFileType = file; path = VisbyItalic.otf; sourceTree = "<group>"; };
		27B6D6DF298434A90084098B /* VisbyMedium.otf */ = {isa = PBXFileReference; lastKnownFileType = file; path = VisbyMedium.otf; sourceTree = "<group>"; };
		27B6D6E0298434A90084098B /* VisbyHeavy Italic.otf */ = {isa = PBXFileReference; lastKnownFileType = file; path = "VisbyHeavy Italic.otf"; sourceTree = "<group>"; };
		27B6D6E1298434AA0084098B /* VisbyHeavy.otf */ = {isa = PBXFileReference; lastKnownFileType = file; path = VisbyHeavy.otf; sourceTree = "<group>"; };
		27B6D6E2298434AA0084098B /* VisbyRegular.otf */ = {isa = PBXFileReference; lastKnownFileType = file; path = VisbyRegular.otf; sourceTree = "<group>"; };
		27B6D6E3298434AA0084098B /* VisbySemibold Italic.otf */ = {isa = PBXFileReference; lastKnownFileType = file; path = "VisbySemibold Italic.otf"; sourceTree = "<group>"; };
/* End PBXFileReference section */

/* Begin PBXFrameworksBuildPhase section */
		27B04B072983F6BF0099F4E6 /* Frameworks */ = {
			isa = PBXFrameworksBuildPhase;
			buildActionMask = 2147483647;
			files = (
			);
			runOnlyForDeploymentPostprocessing = 0;
		};
/* End PBXFrameworksBuildPhase section */

/* Begin PBXGroup section */
		27B04B012983F6BF0099F4E6 = {
			isa = PBXGroup;
			children = (
				27B04B0C2983F6C00099F4E6 /* Demo(tax_calculate) */,
				27B04B0B2983F6C00099F4E6 /* Products */,
			);
			sourceTree = "<group>";
		};
		27B04B0B2983F6C00099F4E6 /* Products */ = {
			isa = PBXGroup;
			children = (
				27B04B0A2983F6C00099F4E6 /* Demo(tax_calculate).app */,
			);
			name = Products;
			sourceTree = "<group>";
		};
		27B04B0C2983F6C00099F4E6 /* Demo(tax_calculate) */ = {
			isa = PBXGroup;
			children = (
				27B04B0D2983F6C00099F4E6 /* AppDelegate.swift */,
				27B04B0F2983F6C00099F4E6 /* SceneDelegate.swift */,
				27B04B112983F6C00099F4E6 /* ViewController.swift */,
				27B6D6DA298434A90084098B /* VisbyBold Italic.otf */,
				27B6D6D8298434A90084098B /* VisbyBold.otf */,
				27B6D6DC298434A90084098B /* VisbyExtrabold Italic.otf */,
				27B6D6D5298434A90084098B /* VisbyExtrabold.otf */,
				27B6D6E0298434A90084098B /* VisbyHeavy Italic.otf */,
				27B6D6E1298434AA0084098B /* VisbyHeavy.otf */,
				27B6D6DE298434A90084098B /* VisbyItalic.otf */,
				27B6D6D7298434A90084098B /* VisbyLight Italic.otf */,
				27B6D6D6298434A90084098B /* VisbyLight.otf */,
				27B6D6DB298434A90084098B /* VisbyMedium Italic.otf */,
				27B6D6DF298434A90084098B /* VisbyMedium.otf */,
				27B6D6E2298434AA0084098B /* VisbyRegular.otf */,
				27B6D6E3298434AA0084098B /* VisbySemibold Italic.otf */,
				27B6D6D4298434A80084098B /* VisbySemibold.otf */,
				27B6D6DD298434A90084098B /* VisbyThin Italic.otf */,
				27B6D6D9298434A90084098B /* VisbyThin.otf */,
				277DBA33298E1BD00060C16D /* Varta-Bold.ttf */,
				277DBA34298E1BD00060C16D /* Varta-Light.ttf */,
				277DBA35298E1BD00060C16D /* Varta-Medium.ttf */,
				277DBA31298E1BCE0060C16D /* Varta-Regular.ttf */,
				277DBA32298E1BCE0060C16D /* Varta-SemiBold.ttf */,
				27B04B132983F6C00099F4E6 /* Main.storyboard */,
				27B04B162983F6C40099F4E6 /* Assets.xcassets */,
				27B04B182983F6C40099F4E6 /* LaunchScreen.storyboard */,
				27B04B1B2983F6C40099F4E6 /* Info.plist */,
			);
			path = "Demo(tax_calculate)";
			sourceTree = "<group>";
		};
/* End PBXGroup section */

/* Begin PBXNativeTarget section */
		27B04B092983F6BF0099F4E6 /* Demo(tax_calculate) */ = {
			isa = PBXNativeTarget;
			buildConfigurationList = 27B04B1E2983F6C40099F4E6 /* Build configuration list for PBXNativeTarget "Demo(tax_calculate)" */;
			buildPhases = (
				27B04B062983F6BF0099F4E6 /* Sources */,
				27B04B072983F6BF0099F4E6 /* Frameworks */,
				27B04B082983F6BF0099F4E6 /* Resources */,
			);
			buildRules = (
			);
			dependencies = (
			);
			name = "Demo(tax_calculate)";
			productName = "Demo(tax_calculate)";
			productReference = 27B04B0A2983F6C00099F4E6 /* Demo(tax_calculate).app */;
			productType = "com.apple.product-type.application";
		};
/* End PBXNativeTarget section */

/* Begin PBXProject section */
		27B04B022983F6BF0099F4E6 /* Project object */ = {
			isa = PBXProject;
			attributes = {
				BuildIndependentTargetsInParallel = 1;
				LastSwiftUpdateCheck = 1420;
				LastUpgradeCheck = 1420;
				TargetAttributes = {
					27B04B092983F6BF0099F4E6 = {
						CreatedOnToolsVersion = 14.2;
					};
				};
			};
			buildConfigurationList = 27B04B052983F6BF0099F4E6 /* Build configuration list for PBXProject "Demo(tax_calculate)" */;
			compatibilityVersion = "Xcode 14.0";
			developmentRegion = en;
			hasScannedForEncodings = 0;
			knownRegions = (
				en,
				Base,
			);
			mainGroup = 27B04B012983F6BF0099F4E6;
			productRefGroup = 27B04B0B2983F6C00099F4E6 /* Products */;
			projectDirPath = "";
			projectRoot = "";
			targets = (
				27B04B092983F6BF0099F4E6 /* Demo(tax_calculate) */,
			);
		};
/* End PBXProject section */

/* Begin PBXResourcesBuildPhase section */
		27B04B082983F6BF0099F4E6 /* Resources */ = {
			isa = PBXResourcesBuildPhase;
			buildActionMask = 2147483647;
			files = (
				27B6D6E6298434AA0084098B /* VisbyLight.otf in Resources */,
				27B6D6E4298434AA0084098B /* VisbySemibold.otf in Resources */,
				27B6D6F3298434AA0084098B /* VisbySemibold Italic.otf in Resources */,
				27B6D6E9298434AA0084098B /* VisbyThin.otf in Resources */,
				27B6D6EB298434AA0084098B /* VisbyMedium Italic.otf in Resources */,
				27B6D6F2298434AA0084098B /* VisbyRegular.otf in Resources */,
				27B6D6ED298434AA0084098B /* VisbyThin Italic.otf in Resources */,
				27B6D6EA298434AA0084098B /* VisbyBold Italic.otf in Resources */,
				27B6D6E8298434AA0084098B /* VisbyBold.otf in Resources */,
				27B6D6EE298434AA0084098B /* VisbyItalic.otf in Resources */,
				27B04B1A2983F6C40099F4E6 /* LaunchScreen.storyboard in Resources */,
				27B6D6EF298434AA0084098B /* VisbyMedium.otf in Resources */,
				27B04B172983F6C40099F4E6 /* Assets.xcassets in Resources */,
				27B6D6EC298434AA0084098B /* VisbyExtrabold Italic.otf in Resources */,
				27B6D6F0298434AA0084098B /* VisbyHeavy Italic.otf in Resources */,
				27B6D6E5298434AA0084098B /* VisbyExtrabold.otf in Resources */,
				27B04B152983F6C00099F4E6 /* Main.storyboard in Resources */,
				27B6D6E7298434AA0084098B /* VisbyLight Italic.otf in Resources */,
				27B6D6F1298434AA0084098B /* VisbyHeavy.otf in Resources */,
			);
			runOnlyForDeploymentPostprocessing = 0;
		};
/* End PBXResourcesBuildPhase section */

/* Begin PBXSourcesBuildPhase section */
		27B04B062983F6BF0099F4E6 /* Sources */ = {
			isa = PBXSourcesBuildPhase;
			buildActionMask = 2147483647;
			files = (
				27B04B122983F6C00099F4E6 /* ViewController.swift in Sources */,
				27B04B0E2983F6C00099F4E6 /* AppDelegate.swift in Sources */,
				27B04B102983F6C00099F4E6 /* SceneDelegate.swift in Sources */,
			);
			runOnlyForDeploymentPostprocessing = 0;
		};
/* End PBXSourcesBuildPhase section */

/* Begin PBXVariantGroup section */
		27B04B132983F6C00099F4E6 /* Main.storyboard */ = {
			isa = PBXVariantGroup;
			children = (
				27B04B142983F6C00099F4E6 /* Base */,
			);
			name = Main.storyboard;
			sourceTree = "<group>";
		};
		27B04B182983F6C40099F4E6 /* LaunchScreen.storyboard */ = {
			isa = PBXVariantGroup;
			children = (
				27B04B192983F6C40099F4E6 /* Base */,
			);
			name = LaunchScreen.storyboard;
			sourceTree = "<group>";
		};
/* End PBXVariantGroup section */

/* Begin XCBuildConfiguration section */
		27B04B1C2983F6C40099F4E6 /* Debug */ = {
			isa = XCBuildConfiguration;
			buildSettings = {
				ALWAYS_SEARCH_USER_PATHS = NO;
				CLANG_ANALYZER_NONNULL = YES;
				CLANG_ANALYZER_NUMBER_OBJECT_CONVERSION = YES_AGGRESSIVE;
				CLANG_CXX_LANGUAGE_STANDARD = "gnu++20";
				CLANG_ENABLE_MODULES = YES;
				CLANG_ENABLE_OBJC_ARC = YES;
				CLANG_ENABLE_OBJC_WEAK = YES;
				CLANG_WARN_BLOCK_CAPTURE_AUTORELEASING = YES;
				CLANG_WARN_BOOL_CONVERSION = YES;
				CLANG_WARN_COMMA = YES;
				CLANG_WARN_CONSTANT_CONVERSION = YES;
				CLANG_WARN_DEPRECATED_OBJC_IMPLEMENTATIONS = YES;
				CLANG_WARN_DIRECT_OBJC_ISA_USAGE = YES_ERROR;
				CLANG_WARN_DOCUMENTATION_COMMENTS = YES;
				CLANG_WARN_EMPTY_BODY = YES;
				CLANG_WARN_ENUM_CONVERSION = YES;
				CLANG_WARN_INFINITE_RECURSION = YES;
				CLANG_WARN_INT_CONVERSION = YES;
				CLANG_WARN_NON_LITERAL_NULL_CONVERSION = YES;
				CLANG_WARN_OBJC_IMPLICIT_RETAIN_SELF = YES;
				CLANG_WARN_OBJC_LITERAL_CONVERSION = YES;
				CLANG_WARN_OBJC_ROOT_CLASS = YES_ERROR;
				CLANG_WARN_QUOTED_INCLUDE_IN_FRAMEWORK_HEADER = YES;
				CLANG_WARN_RANGE_LOOP_ANALYSIS = YES;
				CLANG_WARN_STRICT_PROTOTYPES = YES;
				CLANG_WARN_SUSPICIOUS_MOVE = YES;
				CLANG_WARN_UNGUARDED_AVAILABILITY = YES_AGGRESSIVE;
				CLANG_WARN_UNREACHABLE_CODE = YES;
				CLANG_WARN__DUPLICATE_METHOD_MATCH = YES;
				COPY_PHASE_STRIP = NO;
				DEBUG_INFORMATION_FORMAT = dwarf;
				ENABLE_STRICT_OBJC_MSGSEND = YES;
				ENABLE_TESTABILITY = YES;
				GCC_C_LANGUAGE_STANDARD = gnu11;
				GCC_DYNAMIC_NO_PIC = NO;
				GCC_NO_COMMON_BLOCKS = YES;
				GCC_OPTIMIZATION_LEVEL = 0;
				GCC_PREPROCESSOR_DEFINITIONS = (
					"DEBUG=1",
					"$(inherited)",
				);
				GCC_WARN_64_TO_32_BIT_CONVERSION = YES;
				GCC_WARN_ABOUT_RETURN_TYPE = YES_ERROR;
				GCC_WARN_UNDECLARED_SELECTOR = YES;
				GCC_WARN_UNINITIALIZED_AUTOS = YES_AGGRESSIVE;
				GCC_WARN_UNUSED_FUNCTION = YES;
				GCC_WARN_UNUSED_VARIABLE = YES;
				IPHONEOS_DEPLOYMENT_TARGET = 16.2;
				MTL_ENABLE_DEBUG_INFO = INCLUDE_SOURCE;
				MTL_FAST_MATH = YES;
				ONLY_ACTIVE_ARCH = YES;
				SDKROOT = iphoneos;
				SWIFT_ACTIVE_COMPILATION_CONDITIONS = DEBUG;
				SWIFT_OPTIMIZATION_LEVEL = "-Onone";
			};
			name = Debug;
		};
		27B04B1D2983F6C40099F4E6 /* Release */ = {
			isa = XCBuildConfiguration;
			buildSettings = {
				ALWAYS_SEARCH_USER_PATHS = NO;
				CLANG_ANALYZER_NONNULL = YES;
				CLANG_ANALYZER_NUMBER_OBJECT_CONVERSION = YES_AGGRESSIVE;
				CLANG_CXX_LANGUAGE_STANDARD = "gnu++20";
				CLANG_ENABLE_MODULES = YES;
				CLANG_ENABLE_OBJC_ARC = YES;
				CLANG_ENABLE_OBJC_WEAK = YES;
				CLANG_WARN_BLOCK_CAPTURE_AUTORELEASING = YES;
				CLANG_WARN_BOOL_CONVERSION = YES;
				CLANG_WARN_COMMA = YES;
				CLANG_WARN_CONSTANT_CONVERSION = YES;
				CLANG_WARN_DEPRECATED_OBJC_IMPLEMENTATIONS = YES;
				CLANG_WARN_DIRECT_OBJC_ISA_USAGE = YES_ERROR;
				CLANG_WARN_DOCUMENTATION_COMMENTS = YES;
				CLANG_WARN_EMPTY_BODY = YES;
				CLANG_WARN_ENUM_CONVERSION = YES;
				CLANG_WARN_INFINITE_RECURSION = YES;
				CLANG_WARN_INT_CONVERSION = YES;
				CLANG_WARN_NON_LITERAL_NULL_CONVERSION = YES;
				CLANG_WARN_OBJC_IMPLICIT_RETAIN_SELF = YES;
				CLANG_WARN_OBJC_LITERAL_CONVERSION = YES;
				CLANG_WARN_OBJC_ROOT_CLASS = YES_ERROR;
				CLANG_WARN_QUOTED_INCLUDE_IN_FRAMEWORK_HEADER = YES;
				CLANG_WARN_RANGE_LOOP_ANALYSIS = YES;
				CLANG_WARN_STRICT_PROTOTYPES = YES;
				CLANG_WARN_SUSPICIOUS_MOVE = YES;
				CLANG_WARN_UNGUARDED_AVAILABILITY = YES_AGGRESSIVE;
				CLANG_WARN_UNREACHABLE_CODE = YES;
				CLANG_WARN__DUPLICATE_METHOD_MATCH = YES;
				COPY_PHASE_STRIP = NO;
				DEBUG_INFORMATION_FORMAT = "dwarf-with-dsym";
				ENABLE_NS_ASSERTIONS = NO;
				ENABLE_STRICT_OBJC_MSGSEND = YES;
				GCC_C_LANGUAGE_STANDARD = gnu11;
				GCC_NO_COMMON_BLOCKS = YES;
				GCC_WARN_64_TO_32_BIT_CONVERSION = YES;
				GCC_WARN_ABOUT_RETURN_TYPE = YES_ERROR;
				GCC_WARN_UNDECLARED_SELECTOR = YES;
				GCC_WARN_UNINITIALIZED_AUTOS = YES_AGGRESSIVE;
				GCC_WARN_UNUSED_FUNCTION = YES;
				GCC_WARN_UNUSED_VARIABLE = YES;
				IPHONEOS_DEPLOYMENT_TARGET = 16.2;
				MTL_ENABLE_DEBUG_INFO = NO;
				MTL_FAST_MATH = YES;
				SDKROOT = iphoneos;
				SWIFT_COMPILATION_MODE = wholemodule;
				SWIFT_OPTIMIZATION_LEVEL = "-O";
				VALIDATE_PRODUCT = YES;
			};
			name = Release;
		};
		27B04B1F2983F6C40099F4E6 /* Debug */ = {
			isa = XCBuildConfiguration;
			buildSettings = {
				ASSETCATALOG_COMPILER_APPICON_NAME = AppIcon;
				ASSETCATALOG_COMPILER_GLOBAL_ACCENT_COLOR_NAME = AccentColor;
				CODE_SIGN_STYLE = Automatic;
				CURRENT_PROJECT_VERSION = 1;
				DEVELOPMENT_TEAM = VV2Q9SW232;
				GENERATE_INFOPLIST_FILE = YES;
				INFOPLIST_FILE = "Demo(tax_calculate)/Info.plist";
				INFOPLIST_KEY_UIApplicationSupportsIndirectInputEvents = YES;
				INFOPLIST_KEY_UILaunchStoryboardName = LaunchScreen;
				INFOPLIST_KEY_UIMainStoryboardFile = Main;
				INFOPLIST_KEY_UISupportedInterfaceOrientations_iPad = "UIInterfaceOrientationPortrait UIInterfaceOrientationPortraitUpsideDown UIInterfaceOrientationLandscapeLeft UIInterfaceOrientationLandscapeRight";
				INFOPLIST_KEY_UISupportedInterfaceOrientations_iPhone = "UIInterfaceOrientationPortrait UIInterfaceOrientationLandscapeLeft UIInterfaceOrientationLandscapeRight";
				LD_RUNPATH_SEARCH_PATHS = (
					"$(inherited)",
					"@executable_path/Frameworks",
				);
				MARKETING_VERSION = 1.0;
				PRODUCT_BUNDLE_IDENTIFIER = "com.sin.Demo-tax-calculate-";
				PRODUCT_NAME = "$(TARGET_NAME)";
				SWIFT_EMIT_LOC_STRINGS = YES;
				SWIFT_VERSION = 5.0;
				TARGETED_DEVICE_FAMILY = "1,2";
			};
			name = Debug;
		};
		27B04B202983F6C40099F4E6 /* Release */ = {
			isa = XCBuildConfiguration;
			buildSettings = {
				ASSETCATALOG_COMPILER_APPICON_NAME = AppIcon;
				ASSETCATALOG_COMPILER_GLOBAL_ACCENT_COLOR_NAME = AccentColor;
				CODE_SIGN_STYLE = Automatic;
				CURRENT_PROJECT_VERSION = 1;
				DEVELOPMENT_TEAM = VV2Q9SW232;
				GENERATE_INFOPLIST_FILE = YES;
				INFOPLIST_FILE = "Demo(tax_calculate)/Info.plist";
				INFOPLIST_KEY_UIApplicationSupportsIndirectInputEvents = YES;
				INFOPLIST_KEY_UILaunchStoryboardName = LaunchScreen;
				INFOPLIST_KEY_UIMainStoryboardFile = Main;
				INFOPLIST_KEY_UISupportedInterfaceOrientations_iPad = "UIInterfaceOrientationPortrait UIInterfaceOrientationPortraitUpsideDown UIInterfaceOrientationLandscapeLeft UIInterfaceOrientationLandscapeRight";
				INFOPLIST_KEY_UISupportedInterfaceOrientations_iPhone = "UIInterfaceOrientationPortrait UIInterfaceOrientationLandscapeLeft UIInterfaceOrientationLandscapeRight";
				LD_RUNPATH_SEARCH_PATHS = (
					"$(inherited)",
					"@executable_path/Frameworks",
				);
				MARKETING_VERSION = 1.0;
				PRODUCT_BUNDLE_IDENTIFIER = "com.sin.Demo-tax-calculate-";
				PRODUCT_NAME = "$(TARGET_NAME)";
				SWIFT_EMIT_LOC_STRINGS = YES;
				SWIFT_VERSION = 5.0;
				TARGETED_DEVICE_FAMILY = "1,2";
			};
			name = Release;
		};
/* End XCBuildConfiguration section */

/* Begin XCConfigurationList section */
		27B04B052983F6BF0099F4E6 /* Build configuration list for PBXProject "Demo(tax_calculate)" */ = {
			isa = XCConfigurationList;
			buildConfigurations = (
				27B04B1C2983F6C40099F4E6 /* Debug */,
				27B04B1D2983F6C40099F4E6 /* Release */,
			);
			defaultConfigurationIsVisible = 0;
			defaultConfigurationName = Release;
		};
		27B04B1E2983F6C40099F4E6 /* Build configuration list for PBXNativeTarget "Demo(tax_calculate)" */ = {
			isa = XCConfigurationList;
			buildConfigurations = (
				27B04B1F2983F6C40099F4E6 /* Debug */,
				27B04B202983F6C40099F4E6 /* Release */,
			);
			defaultConfigurationIsVisible = 0;
			defaultConfigurationName = Release;
		};
/* End XCConfigurationList section */
	};
	rootObject = 27B04B022983F6BF0099F4E6 /* Project object */;
}
